
Microsoft Visual Studio Solution File, Format Version 12.00
# Visual Studio Version 16
VisualStudioVersion = 16.0.29905.134
MinimumVisualStudioVersion = 10.0.40219.1
Project("{FAE04EC0-301F-11D3-BF4B-00C04F79EFBC}") = "Visit", "Visit\Visit.csproj", "{730ED330-F6A2-4603-AB37-BE003A7F0F75}"
EndProject
Project("{FAE04EC0-301F-11D3-BF4B-00C04F79EFBC}") = "Business", "Business\Business.csproj", "{17A36A85-71DD-4E16-A08F-D394FE95CE7F}"
EndProject
Global
	GlobalSection(SolutionConfigurationPlatforms) = preSolution
		Debug|Any CPU = Debug|Any CPU
		Debug|ARM = Debug|ARM
		Debug|x64 = Debug|x64
		Debug|x86 = Debug|x86
		Release|Any CPU = Release|Any CPU
		Release|ARM = Release|ARM
		Release|x64 = Release|x64
		Release|x86 = Release|x86
	EndGlobalSection
	GlobalSection(ProjectConfigurationPlatforms) = postSolution
		{730ED330-F6A2-4603-AB37-BE003A7F0F75}.Debug|Any CPU.ActiveCfg = Debug|Any CPU
		{730ED330-F6A2-4603-AB37-BE003A7F0F75}.Debug|Any CPU.Build.0 = Debug|Any CPU
		{730ED330-F6A2-4603-AB37-BE003A7F0F75}.Debug|ARM.ActiveCfg = Debug|Any CPU
		{730ED330-F6A2-4603-AB37-BE003A7F0F75}.Debug|ARM.Build.0 = Debug|Any CPU
		{730ED330-F6A2-4603-AB37-BE003A7F0F75}.Debug|x64.ActiveCfg = Debug|Any CPU
		{730ED330-F6A2-4603-AB37-BE003A7F0F75}.Debug|x64.Build.0 = Debug|Any CPU
		{730ED330-F6A2-4603-AB37-BE003A7F0F75}.Debug|x86.ActiveCfg = Debug|Any CPU
		{730ED330-F6A2-4603-AB37-BE003A7F0F75}.Debug|x86.Build.0 = Debug|Any CPU
		{730ED330-F6A2-4603-AB37-BE003A7F0F75}.Release|Any CPU.ActiveCfg = Release|Any CPU
		{730ED330-F6A2-4603-AB37-BE003A7F0F75}.Release|Any CPU.Build.0 = Release|Any CPU
		{730ED330-F6A2-4603-AB37-BE003A7F0F75}.Release|ARM.ActiveCfg = Release|Any CPU
		{730ED330-F6A2-4603-AB37-BE003A7F0F75}.Release|ARM.Build.0 = Release|Any CPU
		{730ED330-F6A2-4603-AB37-BE003A7F0F75}.Release|x64.ActiveCfg = Release|Any CPU
		{730ED330-F6A2-4603-AB37-BE003A7F0F75}.Release|x64.Build.0 = Release|Any CPU
		{730ED330-F6A2-4603-AB37-BE003A7F0F75}.Release|x86.ActiveCfg = Release|Any CPU
		{730ED330-F6A2-4603-AB37-BE003A7F0F75}.Release|x86.Build.0 = Release|Any CPU
		{17A36A85-71DD-4E16-A08F-D394FE95CE7F}.Debug|Any CPU.ActiveCfg = Debug|Any CPU
		{17A36A85-71DD-4E16-A08F-D394FE95CE7F}.Debug|Any CPU.Build.0 = Debug|Any CPU
		{17A36A85-71DD-4E16-A08F-D394FE95CE7F}.Debug|ARM.ActiveCfg = Debug|Any CPU
		{17A36A85-71DD-4E16-A08F-D394FE95CE7F}.Debug|ARM.Build.0 = Debug|Any CPU
		{17A36A85-71DD-4E16-A08F-D394FE95CE7F}.Debug|x64.ActiveCfg = Debug|Any CPU
		{17A36A85-71DD-4E16-A08F-D394FE95CE7F}.Debug|x64.Build.0 = Debug|Any CPU
		{17A36A85-71DD-4E16-A08F-D394FE95CE7F}.Debug|x86.ActiveCfg = Debug|Any CPU
		{17A36A85-71DD-4E16-A08F-D394FE95CE7F}.Debug|x86.Build.0 = Debug|Any CPU
		{17A36A85-71DD-4E16-A08F-D394FE95CE7F}.Release|Any CPU.ActiveCfg = Release|Any CPU
		{17A36A85-71DD-4E16-A08F-D394FE95CE7F}.Release|Any CPU.Build.0 = Release|Any CPU
		{17A36A85-71DD-4E16-A08F-D394FE95CE7F}.Release|ARM.ActiveCfg = Release|Any CPU
		{17A36A85-71DD-4E16-A08F-D394FE95CE7F}.Release|ARM.Build.0 = Release|Any CPU
		{17A36A85-71DD-4E16-A08F-D394FE95CE7F}.Release|x64.ActiveCfg = Release|Any CPU
		{17A36A85-71DD-4E16-A08F-D394FE95CE7F}.Release|x64.Build.0 = Release|Any CPU
		{17A36A85-71DD-4E16-A08F-D394FE95CE7F}.Release|x86.ActiveCfg = Release|Any CPU
		{17A36A85-71DD-4E16-A08F-D394FE95CE7F}.Release|x86.Build.0 = Release|Any CPU
	EndGlobalSection
	GlobalSection(SolutionProperties) = preSolution
		HideSolutionNode = FALSE
	EndGlobalSection
	GlobalSection(ExtensibilityGlobals) = postSolution
		SolutionGuid = {1615D6E9-4E06-4636-9F4B-D2449EE68007}
	EndGlobalSection
EndGlobal
